
Microsoft Visual Studio Solution File, Format Version 12.00
# Visual Studio Version 16
VisualStudioVersion = 16.0.32002.261
MinimumVisualStudioVersion = 10.0.40219.1
Project("{C7167F0D-BC9F-4E6E-AFE1-012C56B48DB5}") = "MVVM (Package)", "MVVM (Package)\MVVM (Package).wapproj", "{FC7BE4BE-F3B9-43E3-B197-B6AFBD3545C7}"
EndProject
Project("{FAE04EC0-301F-11D3-BF4B-00C04F79EFBC}") = "MVVM", "MVVM\MVVM.csproj", "{64EB20AC-4557-49ED-AEA5-3E22588BD15D}"
EndProject
Global
	GlobalSection(SolutionConfigurationPlatforms) = preSolution
		Debug|arm64 = Debug|arm64
		Debug|x64 = Debug|x64
		Debug|x86 = Debug|x86
		Release|arm64 = Release|arm64
		Release|x64 = Release|x64
		Release|x86 = Release|x86
	EndGlobalSection
	GlobalSection(ProjectConfigurationPlatforms) = postSolution
		{FC7BE4BE-F3B9-43E3-B197-B6AFBD3545C7}.Debug|arm64.ActiveCfg = Debug|arm64
		{FC7BE4BE-F3B9-43E3-B197-B6AFBD3545C7}.Debug|arm64.Build.0 = Debug|arm64
		{FC7BE4BE-F3B9-43E3-B197-B6AFBD3545C7}.Debug|arm64.Deploy.0 = Debug|arm64
		{FC7BE4BE-F3B9-43E3-B197-B6AFBD3545C7}.Debug|x64.ActiveCfg = Debug|x64
		{FC7BE4BE-F3B9-43E3-B197-B6AFBD3545C7}.Debug|x64.Build.0 = Debug|x64
		{FC7BE4BE-F3B9-43E3-B197-B6AFBD3545C7}.Debug|x64.Deploy.0 = Debug|x64
		{FC7BE4BE-F3B9-43E3-B197-B6AFBD3545C7}.Debug|x86.ActiveCfg = Debug|x86
		{FC7BE4BE-F3B9-43E3-B197-B6AFBD3545C7}.Debug|x86.Build.0 = Debug|x86
		{FC7BE4BE-F3B9-43E3-B197-B6AFBD3545C7}.Debug|x86.Deploy.0 = Debug|x86
		{FC7BE4BE-F3B9-43E3-B197-B6AFBD3545C7}.Release|arm64.ActiveCfg = Release|arm64
		{FC7BE4BE-F3B9-43E3-B197-B6AFBD3545C7}.Release|arm64.Build.0 = Release|arm64
		{FC7BE4BE-F3B9-43E3-B197-B6AFBD3545C7}.Release|arm64.Deploy.0 = Release|arm64
		{FC7BE4BE-F3B9-43E3-B197-B6AFBD3545C7}.Release|x64.ActiveCfg = Release|x64
		{FC7BE4BE-F3B9-43E3-B197-B6AFBD3545C7}.Release|x64.Build.0 = Release|x64
		{FC7BE4BE-F3B9-43E3-B197-B6AFBD3545C7}.Release|x64.Deploy.0 = Release|x64
		{FC7BE4BE-F3B9-43E3-B197-B6AFBD3545C7}.Release|x86.ActiveCfg = Release|x86
		{FC7BE4BE-F3B9-43E3-B197-B6AFBD3545C7}.Release|x86.Build.0 = Release|x86
		{FC7BE4BE-F3B9-43E3-B197-B6AFBD3545C7}.Release|x86.Deploy.0 = Release|x86
		{64EB20AC-4557-49ED-AEA5-3E22588BD15D}.Debug|arm64.ActiveCfg = Debug|arm64
		{64EB20AC-4557-49ED-AEA5-3E22588BD15D}.Debug|arm64.Build.0 = Debug|arm64
		{64EB20AC-4557-49ED-AEA5-3E22588BD15D}.Debug|x64.ActiveCfg = Debug|x64
		{64EB20AC-4557-49ED-AEA5-3E22588BD15D}.Debug|x64.Build.0 = Debug|x64
		{64EB20AC-4557-49ED-AEA5-3E22588BD15D}.Debug|x86.ActiveCfg = Debug|x86
		{64EB20AC-4557-49ED-AEA5-3E22588BD15D}.Debug|x86.Build.0 = Debug|x86
		{64EB20AC-4557-49ED-AEA5-3E22588BD15D}.Release|arm64.ActiveCfg = Release|arm64
		{64EB20AC-4557-49ED-AEA5-3E22588BD15D}.Release|arm64.Build.0 = Release|arm64
		{64EB20AC-4557-49ED-AEA5-3E22588BD15D}.Release|x64.ActiveCfg = Release|x64
		{64EB20AC-4557-49ED-AEA5-3E22588BD15D}.Release|x64.Build.0 = Release|x64
		{64EB20AC-4557-49ED-AEA5-3E22588BD15D}.Release|x86.ActiveCfg = Release|x86
		{64EB20AC-4557-49ED-AEA5-3E22588BD15D}.Release|x86.Build.0 = Release|x86
	EndGlobalSection
	GlobalSection(SolutionProperties) = preSolution
		HideSolutionNode = FALSE
	EndGlobalSection
	GlobalSection(ExtensibilityGlobals) = postSolution
		SolutionGuid = {E17C988A-DF2F-4DAC-960E-D1A0A0AB646B}
	EndGlobalSection
EndGlobal
