
Microsoft Visual Studio Solution File, Format Version 12.00
# Visual Studio Version 17
VisualStudioVersion = 17.0.31919.166
MinimumVisualStudioVersion = 10.0.40219.1
Project("{FAE04EC0-301F-11D3-BF4B-00C04F79EFBC}") = "Form1", "Form1\Form1.csproj", "{7B69071A-1D87-478F-B1C2-A59C598714C6}"
EndProject
Global
	GlobalSection(SolutionConfigurationPlatforms) = preSolution
		Debug|Any CPU = Debug|Any CPU
		Release|Any CPU = Release|Any CPU
	EndGlobalSection
	GlobalSection(ProjectConfigurationPlatforms) = postSolution
		{7B69071A-1D87-478F-B1C2-A59C598714C6}.Debug|Any CPU.ActiveCfg = Debug|Any CPU
		{7B69071A-1D87-478F-B1C2-A59C598714C6}.Debug|Any CPU.Build.0 = Debug|Any CPU
		{7B69071A-1D87-478F-B1C2-A59C598714C6}.Release|Any CPU.ActiveCfg = Release|Any CPU
		{7B69071A-1D87-478F-B1C2-A59C598714C6}.Release|Any CPU.Build.0 = Release|Any CPU
	EndGlobalSection
	GlobalSection(SolutionProperties) = preSolution
		HideSolutionNode = FALSE
	EndGlobalSection
	GlobalSection(ExtensibilityGlobals) = postSolution
		SolutionGuid = {D99582F8-F768-496E-A90C-CCDCE9E508CA}
	EndGlobalSection
EndGlobal
