
Microsoft Visual Studio Solution File, Format Version 12.00
# Visual Studio Version 16
VisualStudioVersion = 16.0.32002.261
MinimumVisualStudioVersion = 10.0.40219.1
Project("{FAE04EC0-301F-11D3-BF4B-00C04F79EFBC}") = "CSharpPractice", "CSharpPractice.csproj", "{2B2B512B-32B8-49E6-8E4C-E0EAF8B5F5EA}"
EndProject
Global
	GlobalSection(SolutionConfigurationPlatforms) = preSolution
		Debug|Any CPU = Debug|Any CPU
		Release|Any CPU = Release|Any CPU
	EndGlobalSection
	GlobalSection(ProjectConfigurationPlatforms) = postSolution
		{2B2B512B-32B8-49E6-8E4C-E0EAF8B5F5EA}.Debug|Any CPU.ActiveCfg = Debug|Any CPU
		{2B2B512B-32B8-49E6-8E4C-E0EAF8B5F5EA}.Debug|Any CPU.Build.0 = Debug|Any CPU
		{2B2B512B-32B8-49E6-8E4C-E0EAF8B5F5EA}.Release|Any CPU.ActiveCfg = Release|Any CPU
		{2B2B512B-32B8-49E6-8E4C-E0EAF8B5F5EA}.Release|Any CPU.Build.0 = Release|Any CPU
	EndGlobalSection
	GlobalSection(SolutionProperties) = preSolution
		HideSolutionNode = FALSE
	EndGlobalSection
	GlobalSection(ExtensibilityGlobals) = postSolution
		SolutionGuid = {AE54A59D-6A51-4299-974A-E5033E73C06F}
	EndGlobalSection
EndGlobal
